
Microsoft Visual Studio Solution File, Format Version 12.00
# Visual Studio Version 16
VisualStudioVersion = 16.0.34729.46
MinimumVisualStudioVersion = 10.0.40219.1
Project("{8BC9CEB8-8B4A-11D0-8D11-00A0C91BC942}") = "Lab2 No.1", "Lab2 No.1\Lab2 No.1.vcxproj", "{672AE05D-3986-4B33-8D6E-D249D6482E88}"
EndProject
Global
	GlobalSection(SolutionConfigurationPlatforms) = preSolution
		Debug|x64 = Debug|x64
		Debug|x86 = Debug|x86
		Release|x64 = Release|x64
		Release|x86 = Release|x86
	EndGlobalSection
	GlobalSection(ProjectConfigurationPlatforms) = postSolution
		{672AE05D-3986-4B33-8D6E-D249D6482E88}.Debug|x64.ActiveCfg = Debug|x64
		{672AE05D-3986-4B33-8D6E-D249D6482E88}.Debug|x64.Build.0 = Debug|x64
		{672AE05D-3986-4B33-8D6E-D249D6482E88}.Debug|x86.ActiveCfg = Debug|Win32
		{672AE05D-3986-4B33-8D6E-D249D6482E88}.Debug|x86.Build.0 = Debug|Win32
		{672AE05D-3986-4B33-8D6E-D249D6482E88}.Release|x64.ActiveCfg = Release|x64
		{672AE05D-3986-4B33-8D6E-D249D6482E88}.Release|x64.Build.0 = Release|x64
		{672AE05D-3986-4B33-8D6E-D249D6482E88}.Release|x86.ActiveCfg = Release|Win32
		{672AE05D-3986-4B33-8D6E-D249D6482E88}.Release|x86.Build.0 = Release|Win32
	EndGlobalSection
	GlobalSection(SolutionProperties) = preSolution
		HideSolutionNode = FALSE
	EndGlobalSection
	GlobalSection(ExtensibilityGlobals) = postSolution
		SolutionGuid = {24DAB609-11B9-42A3-AF7B-F819AACBF0EC}
	EndGlobalSection
EndGlobal
